
Microsoft Visual Studio Solution File, Format Version 12.00
# Visual Studio 15
VisualStudioVersion = 15.0.28010.2050
MinimumVisualStudioVersion = 10.0.40219.1
Project("{FAE04EC0-301F-11D3-BF4B-00C04F79EFBC}") = "EditorTouchEvent.Android", "EditorTouchEvent\EditorTouchEvent.Android\EditorTouchEvent.Android.csproj", "{47E852AD-A45F-4029-9228-6836CF700118}"
EndProject
Project("{FAE04EC0-301F-11D3-BF4B-00C04F79EFBC}") = "EditorTouchEvent.iOS", "EditorTouchEvent\EditorTouchEvent.iOS\EditorTouchEvent.iOS.csproj", "{C4E556A1-AB9E-4E38-80BC-CF2446752374}"
EndProject
Project("{FAE04EC0-301F-11D3-BF4B-00C04F79EFBC}") = "EditorTouchEvent.UWP", "EditorTouchEvent\EditorTouchEvent.UWP\EditorTouchEvent.UWP.csproj", "{AAB374FC-539F-41C2-9FC1-45ED35E2CB5A}"
EndProject
Project("{FAE04EC0-301F-11D3-BF4B-00C04F79EFBC}") = "EditorTouchEvent", "EditorTouchEvent\EditorTouchEvent\EditorTouchEvent.csproj", "{2E378EA2-465A-457C-B010-2EFCDD0D3454}"
EndProject
Global
	GlobalSection(SolutionConfigurationPlatforms) = preSolution
		Ad-Hoc|Any CPU = Ad-Hoc|Any CPU
		Ad-Hoc|ARM = Ad-Hoc|ARM
		Ad-Hoc|iPhone = Ad-Hoc|iPhone
		Ad-Hoc|iPhoneSimulator = Ad-Hoc|iPhoneSimulator
		Ad-Hoc|x64 = Ad-Hoc|x64
		Ad-Hoc|x86 = Ad-Hoc|x86
		AppStore|Any CPU = AppStore|Any CPU
		AppStore|ARM = AppStore|ARM
		AppStore|iPhone = AppStore|iPhone
		AppStore|iPhoneSimulator = AppStore|iPhoneSimulator
		AppStore|x64 = AppStore|x64
		AppStore|x86 = AppStore|x86
		Debug|Any CPU = Debug|Any CPU
		Debug|ARM = Debug|ARM
		Debug|iPhone = Debug|iPhone
		Debug|iPhoneSimulator = Debug|iPhoneSimulator
		Debug|x64 = Debug|x64
		Debug|x86 = Debug|x86
		Release|Any CPU = Release|Any CPU
		Release|ARM = Release|ARM
		Release|iPhone = Release|iPhone
		Release|iPhoneSimulator = Release|iPhoneSimulator
		Release|x64 = Release|x64
		Release|x86 = Release|x86
	EndGlobalSection
	GlobalSection(ProjectConfigurationPlatforms) = postSolution
		{47E852AD-A45F-4029-9228-6836CF700118}.Ad-Hoc|Any CPU.ActiveCfg = Release|Any CPU
		{47E852AD-A45F-4029-9228-6836CF700118}.Ad-Hoc|Any CPU.Build.0 = Release|Any CPU
		{47E852AD-A45F-4029-9228-6836CF700118}.Ad-Hoc|Any CPU.Deploy.0 = Release|Any CPU
		{47E852AD-A45F-4029-9228-6836CF700118}.Ad-Hoc|ARM.ActiveCfg = Release|Any CPU
		{47E852AD-A45F-4029-9228-6836CF700118}.Ad-Hoc|ARM.Build.0 = Release|Any CPU
		{47E852AD-A45F-4029-9228-6836CF700118}.Ad-Hoc|ARM.Deploy.0 = Release|Any CPU
		{47E852AD-A45F-4029-9228-6836CF700118}.Ad-Hoc|iPhone.ActiveCfg = Release|Any CPU
		{47E852AD-A45F-4029-9228-6836CF700118}.Ad-Hoc|iPhone.Build.0 = Release|Any CPU
		{47E852AD-A45F-4029-9228-6836CF700118}.Ad-Hoc|iPhone.Deploy.0 = Release|Any CPU
		{47E852AD-A45F-4029-9228-6836CF700118}.Ad-Hoc|iPhoneSimulator.ActiveCfg = Release|Any CPU
		{47E852AD-A45F-4029-9228-6836CF700118}.Ad-Hoc|iPhoneSimulator.Build.0 = Release|Any CPU
		{47E852AD-A45F-4029-9228-6836CF700118}.Ad-Hoc|iPhoneSimulator.Deploy.0 = Release|Any CPU
		{47E852AD-A45F-4029-9228-6836CF700118}.Ad-Hoc|x64.ActiveCfg = Release|Any CPU
		{47E852AD-A45F-4029-9228-6836CF700118}.Ad-Hoc|x64.Build.0 = Release|Any CPU
		{47E852AD-A45F-4029-9228-6836CF700118}.Ad-Hoc|x64.Deploy.0 = Release|Any CPU
		{47E852AD-A45F-4029-9228-6836CF700118}.Ad-Hoc|x86.ActiveCfg = Release|Any CPU
		{47E852AD-A45F-4029-9228-6836CF700118}.Ad-Hoc|x86.Build.0 = Release|Any CPU
		{47E852AD-A45F-4029-9228-6836CF700118}.Ad-Hoc|x86.Deploy.0 = Release|Any CPU
		{47E852AD-A45F-4029-9228-6836CF700118}.AppStore|Any CPU.ActiveCfg = Release|Any CPU
		{47E852AD-A45F-4029-9228-6836CF700118}.AppStore|Any CPU.Build.0 = Release|Any CPU
		{47E852AD-A45F-4029-9228-6836CF700118}.AppStore|Any CPU.Deploy.0 = Release|Any CPU
		{47E852AD-A45F-4029-9228-6836CF700118}.AppStore|ARM.ActiveCfg = Release|Any CPU
		{47E852AD-A45F-4029-9228-6836CF700118}.AppStore|ARM.Build.0 = Release|Any CPU
		{47E852AD-A45F-4029-9228-6836CF700118}.AppStore|ARM.Deploy.0 = Release|Any CPU
		{47E852AD-A45F-4029-9228-6836CF700118}.AppStore|iPhone.ActiveCfg = Release|Any CPU
		{47E852AD-A45F-4029-9228-6836CF700118}.AppStore|iPhone.Build.0 = Release|Any CPU
		{47E852AD-A45F-4029-9228-6836CF700118}.AppStore|iPhone.Deploy.0 = Release|Any CPU
		{47E852AD-A45F-4029-9228-6836CF700118}.AppStore|iPhoneSimulator.ActiveCfg = Release|Any CPU
		{47E852AD-A45F-4029-9228-6836CF700118}.AppStore|iPhoneSimulator.Build.0 = Release|Any CPU
		{47E852AD-A45F-4029-9228-6836CF700118}.AppStore|iPhoneSimulator.Deploy.0 = Release|Any CPU
		{47E852AD-A45F-4029-9228-6836CF700118}.AppStore|x64.ActiveCfg = Release|Any CPU
		{47E852AD-A45F-4029-9228-6836CF700118}.AppStore|x64.Build.0 = Release|Any CPU
		{47E852AD-A45F-4029-9228-6836CF700118}.AppStore|x64.Deploy.0 = Release|Any CPU
		{47E852AD-A45F-4029-9228-6836CF700118}.AppStore|x86.ActiveCfg = Release|Any CPU
		{47E852AD-A45F-4029-9228-6836CF700118}.AppStore|x86.Build.0 = Release|Any CPU
		{47E852AD-A45F-4029-9228-6836CF700118}.AppStore|x86.Deploy.0 = Release|Any CPU
		{47E852AD-A45F-4029-9228-6836CF700118}.Debug|Any CPU.ActiveCfg = Debug|Any CPU
		{47E852AD-A45F-4029-9228-6836CF700118}.Debug|Any CPU.Build.0 = Debug|Any CPU
		{47E852AD-A45F-4029-9228-6836CF700118}.Debug|Any CPU.Deploy.0 = Debug|Any CPU
		{47E852AD-A45F-4029-9228-6836CF700118}.Debug|ARM.ActiveCfg = Debug|Any CPU
		{47E852AD-A45F-4029-9228-6836CF700118}.Debug|ARM.Build.0 = Debug|Any CPU
		{47E852AD-A45F-4029-9228-6836CF700118}.Debug|ARM.Deploy.0 = Debug|Any CPU
		{47E852AD-A45F-4029-9228-6836CF700118}.Debug|iPhone.ActiveCfg = Debug|Any CPU
		{47E852AD-A45F-4029-9228-6836CF700118}.Debug|iPhone.Build.0 = Debug|Any CPU
		{47E852AD-A45F-4029-9228-6836CF700118}.Debug|iPhone.Deploy.0 = Debug|Any CPU
		{47E852AD-A45F-4029-9228-6836CF700118}.Debug|iPhoneSimulator.ActiveCfg = Debug|Any CPU
		{47E852AD-A45F-4029-9228-6836CF700118}.Debug|iPhoneSimulator.Build.0 = Debug|Any CPU
		{47E852AD-A45F-4029-9228-6836CF700118}.Debug|iPhoneSimulator.Deploy.0 = Debug|Any CPU
		{47E852AD-A45F-4029-9228-6836CF700118}.Debug|x64.ActiveCfg = Debug|Any CPU
		{47E852AD-A45F-4029-9228-6836CF700118}.Debug|x64.Build.0 = Debug|Any CPU
		{47E852AD-A45F-4029-9228-6836CF700118}.Debug|x64.Deploy.0 = Debug|Any CPU
		{47E852AD-A45F-4029-9228-6836CF700118}.Debug|x86.ActiveCfg = Debug|Any CPU
		{47E852AD-A45F-4029-9228-6836CF700118}.Debug|x86.Build.0 = Debug|Any CPU
		{47E852AD-A45F-4029-9228-6836CF700118}.Debug|x86.Deploy.0 = Debug|Any CPU
		{47E852AD-A45F-4029-9228-6836CF700118}.Release|Any CPU.ActiveCfg = Release|Any CPU
		{47E852AD-A45F-4029-9228-6836CF700118}.Release|Any CPU.Build.0 = Release|Any CPU
		{47E852AD-A45F-4029-9228-6836CF700118}.Release|Any CPU.Deploy.0 = Release|Any CPU
		{47E852AD-A45F-4029-9228-6836CF700118}.Release|ARM.ActiveCfg = Release|Any CPU
		{47E852AD-A45F-4029-9228-6836CF700118}.Release|ARM.Build.0 = Release|Any CPU
		{47E852AD-A45F-4029-9228-6836CF700118}.Release|ARM.Deploy.0 = Release|Any CPU
		{47E852AD-A45F-4029-9228-6836CF700118}.Release|iPhone.ActiveCfg = Release|Any CPU
		{47E852AD-A45F-4029-9228-6836CF700118}.Release|iPhone.Build.0 = Release|Any CPU
		{47E852AD-A45F-4029-9228-6836CF700118}.Release|iPhone.Deploy.0 = Release|Any CPU
		{47E852AD-A45F-4029-9228-6836CF700118}.Release|iPhoneSimulator.ActiveCfg = Release|Any CPU
		{47E852AD-A45F-4029-9228-6836CF700118}.Release|iPhoneSimulator.Build.0 = Release|Any CPU
		{47E852AD-A45F-4029-9228-6836CF700118}.Release|iPhoneSimulator.Deploy.0 = Release|Any CPU
		{47E852AD-A45F-4029-9228-6836CF700118}.Release|x64.ActiveCfg = Release|Any CPU
		{47E852AD-A45F-4029-9228-6836CF700118}.Release|x64.Build.0 = Release|Any CPU
		{47E852AD-A45F-4029-9228-6836CF700118}.Release|x64.Deploy.0 = Release|Any CPU
		{47E852AD-A45F-4029-9228-6836CF700118}.Release|x86.ActiveCfg = Release|Any CPU
		{47E852AD-A45F-4029-9228-6836CF700118}.Release|x86.Build.0 = Release|Any CPU
		{47E852AD-A45F-4029-9228-6836CF700118}.Release|x86.Deploy.0 = Release|Any CPU
		{C4E556A1-AB9E-4E38-80BC-CF2446752374}.Ad-Hoc|Any CPU.ActiveCfg = Ad-Hoc|iPhone
		{C4E556A1-AB9E-4E38-80BC-CF2446752374}.Ad-Hoc|Any CPU.Build.0 = Ad-Hoc|iPhone
		{C4E556A1-AB9E-4E38-80BC-CF2446752374}.Ad-Hoc|Any CPU.Deploy.0 = Ad-Hoc|iPhone
		{C4E556A1-AB9E-4E38-80BC-CF2446752374}.Ad-Hoc|ARM.ActiveCfg = Ad-Hoc|iPhone
		{C4E556A1-AB9E-4E38-80BC-CF2446752374}.Ad-Hoc|ARM.Build.0 = Ad-Hoc|iPhone
		{C4E556A1-AB9E-4E38-80BC-CF2446752374}.Ad-Hoc|ARM.Deploy.0 = Ad-Hoc|iPhone
		{C4E556A1-AB9E-4E38-80BC-CF2446752374}.Ad-Hoc|iPhone.ActiveCfg = Ad-Hoc|iPhone
		{C4E556A1-AB9E-4E38-80BC-CF2446752374}.Ad-Hoc|iPhone.Build.0 = Ad-Hoc|iPhone
		{C4E556A1-AB9E-4E38-80BC-CF2446752374}.Ad-Hoc|iPhone.Deploy.0 = Ad-Hoc|iPhone
		{C4E556A1-AB9E-4E38-80BC-CF2446752374}.Ad-Hoc|iPhoneSimulator.ActiveCfg = Ad-Hoc|iPhoneSimulator
		{C4E556A1-AB9E-4E38-80BC-CF2446752374}.Ad-Hoc|iPhoneSimulator.Build.0 = Ad-Hoc|iPhoneSimulator
		{C4E556A1-AB9E-4E38-80BC-CF2446752374}.Ad-Hoc|iPhoneSimulator.Deploy.0 = Ad-Hoc|iPhoneSimulator
		{C4E556A1-AB9E-4E38-80BC-CF2446752374}.Ad-Hoc|x64.ActiveCfg = Ad-Hoc|iPhone
		{C4E556A1-AB9E-4E38-80BC-CF2446752374}.Ad-Hoc|x64.Build.0 = Ad-Hoc|iPhone
		{C4E556A1-AB9E-4E38-80BC-CF2446752374}.Ad-Hoc|x64.Deploy.0 = Ad-Hoc|iPhone
		{C4E556A1-AB9E-4E38-80BC-CF2446752374}.Ad-Hoc|x86.ActiveCfg = Ad-Hoc|iPhone
		{C4E556A1-AB9E-4E38-80BC-CF2446752374}.Ad-Hoc|x86.Build.0 = Ad-Hoc|iPhone
		{C4E556A1-AB9E-4E38-80BC-CF2446752374}.Ad-Hoc|x86.Deploy.0 = Ad-Hoc|iPhone
		{C4E556A1-AB9E-4E38-80BC-CF2446752374}.AppStore|Any CPU.ActiveCfg = AppStore|iPhone
		{C4E556A1-AB9E-4E38-80BC-CF2446752374}.AppStore|Any CPU.Build.0 = AppStore|iPhone
		{C4E556A1-AB9E-4E38-80BC-CF2446752374}.AppStore|Any CPU.Deploy.0 = AppStore|iPhone
		{C4E556A1-AB9E-4E38-80BC-CF2446752374}.AppStore|ARM.ActiveCfg = AppStore|iPhone
		{C4E556A1-AB9E-4E38-80BC-CF2446752374}.AppStore|ARM.Build.0 = AppStore|iPhone
		{C4E556A1-AB9E-4E38-80BC-CF2446752374}.AppStore|ARM.Deploy.0 = AppStore|iPhone
		{C4E556A1-AB9E-4E38-80BC-CF2446752374}.AppStore|iPhone.ActiveCfg = AppStore|iPhone
		{C4E556A1-AB9E-4E38-80BC-CF2446752374}.AppStore|iPhone.Build.0 = AppStore|iPhone
		{C4E556A1-AB9E-4E38-80BC-CF2446752374}.AppStore|iPhone.Deploy.0 = AppStore|iPhone
		{C4E556A1-AB9E-4E38-80BC-CF2446752374}.AppStore|iPhoneSimulator.ActiveCfg = AppStore|iPhoneSimulator
		{C4E556A1-AB9E-4E38-80BC-CF2446752374}.AppStore|iPhoneSimulator.Build.0 = AppStore|iPhoneSimulator
		{C4E556A1-AB9E-4E38-80BC-CF2446752374}.AppStore|iPhoneSimulator.Deploy.0 = AppStore|iPhoneSimulator
		{C4E556A1-AB9E-4E38-80BC-CF2446752374}.AppStore|x64.ActiveCfg = AppStore|iPhone
		{C4E556A1-AB9E-4E38-80BC-CF2446752374}.AppStore|x64.Build.0 = AppStore|iPhone
		{C4E556A1-AB9E-4E38-80BC-CF2446752374}.AppStore|x64.Deploy.0 = AppStore|iPhone
		{C4E556A1-AB9E-4E38-80BC-CF2446752374}.AppStore|x86.ActiveCfg = AppStore|iPhone
		{C4E556A1-AB9E-4E38-80BC-CF2446752374}.AppStore|x86.Build.0 = AppStore|iPhone
		{C4E556A1-AB9E-4E38-80BC-CF2446752374}.AppStore|x86.Deploy.0 = AppStore|iPhone
		{C4E556A1-AB9E-4E38-80BC-CF2446752374}.Debug|Any CPU.ActiveCfg = Debug|iPhoneSimulator
		{C4E556A1-AB9E-4E38-80BC-CF2446752374}.Debug|Any CPU.Build.0 = Debug|iPhoneSimulator
		{C4E556A1-AB9E-4E38-80BC-CF2446752374}.Debug|Any CPU.Deploy.0 = Debug|iPhoneSimulator
		{C4E556A1-AB9E-4E38-80BC-CF2446752374}.Debug|ARM.ActiveCfg = Debug|iPhone
		{C4E556A1-AB9E-4E38-80BC-CF2446752374}.Debug|ARM.Build.0 = Debug|iPhone
		{C4E556A1-AB9E-4E38-80BC-CF2446752374}.Debug|ARM.Deploy.0 = Debug|iPhone
		{C4E556A1-AB9E-4E38-80BC-CF2446752374}.Debug|iPhone.ActiveCfg = Debug|iPhone
		{C4E556A1-AB9E-4E38-80BC-CF2446752374}.Debug|iPhone.Build.0 = Debug|iPhone
		{C4E556A1-AB9E-4E38-80BC-CF2446752374}.Debug|iPhone.Deploy.0 = Debug|iPhone
		{C4E556A1-AB9E-4E38-80BC-CF2446752374}.Debug|iPhoneSimulator.ActiveCfg = Debug|iPhoneSimulator
		{C4E556A1-AB9E-4E38-80BC-CF2446752374}.Debug|iPhoneSimulator.Build.0 = Debug|iPhoneSimulator
		{C4E556A1-AB9E-4E38-80BC-CF2446752374}.Debug|iPhoneSimulator.Deploy.0 = Debug|iPhoneSimulator
		{C4E556A1-AB9E-4E38-80BC-CF2446752374}.Debug|x64.ActiveCfg = Debug|iPhone
		{C4E556A1-AB9E-4E38-80BC-CF2446752374}.Debug|x64.Build.0 = Debug|iPhone
		{C4E556A1-AB9E-4E38-80BC-CF2446752374}.Debug|x64.Deploy.0 = Debug|iPhone
		{C4E556A1-AB9E-4E38-80BC-CF2446752374}.Debug|x86.ActiveCfg = Debug|iPhone
		{C4E556A1-AB9E-4E38-80BC-CF2446752374}.Debug|x86.Build.0 = Debug|iPhone
		{C4E556A1-AB9E-4E38-80BC-CF2446752374}.Debug|x86.Deploy.0 = Debug|iPhone
		{C4E556A1-AB9E-4E38-80BC-CF2446752374}.Release|Any CPU.ActiveCfg = Release|iPhone
		{C4E556A1-AB9E-4E38-80BC-CF2446752374}.Release|Any CPU.Build.0 = Release|iPhone
		{C4E556A1-AB9E-4E38-80BC-CF2446752374}.Release|Any CPU.Deploy.0 = Release|iPhone
		{C4E556A1-AB9E-4E38-80BC-CF2446752374}.Release|ARM.ActiveCfg = Release|iPhone
		{C4E556A1-AB9E-4E38-80BC-CF2446752374}.Release|ARM.Build.0 = Release|iPhone
		{C4E556A1-AB9E-4E38-80BC-CF2446752374}.Release|ARM.Deploy.0 = Release|iPhone
		{C4E556A1-AB9E-4E38-80BC-CF2446752374}.Release|iPhone.ActiveCfg = Release|iPhone
		{C4E556A1-AB9E-4E38-80BC-CF2446752374}.Release|iPhone.Build.0 = Release|iPhone
		{C4E556A1-AB9E-4E38-80BC-CF2446752374}.Release|iPhone.Deploy.0 = Release|iPhone
		{C4E556A1-AB9E-4E38-80BC-CF2446752374}.Release|iPhoneSimulator.ActiveCfg = Release|iPhoneSimulator
		{C4E556A1-AB9E-4E38-80BC-CF2446752374}.Release|iPhoneSimulator.Build.0 = Release|iPhoneSimulator
		{C4E556A1-AB9E-4E38-80BC-CF2446752374}.Release|iPhoneSimulator.Deploy.0 = Release|iPhoneSimulator
		{C4E556A1-AB9E-4E38-80BC-CF2446752374}.Release|x64.ActiveCfg = Release|iPhone
		{C4E556A1-AB9E-4E38-80BC-CF2446752374}.Release|x64.Build.0 = Release|iPhone
		{C4E556A1-AB9E-4E38-80BC-CF2446752374}.Release|x64.Deploy.0 = Release|iPhone
		{C4E556A1-AB9E-4E38-80BC-CF2446752374}.Release|x86.ActiveCfg = Release|iPhone
		{C4E556A1-AB9E-4E38-80BC-CF2446752374}.Release|x86.Build.0 = Release|iPhone
		{C4E556A1-AB9E-4E38-80BC-CF2446752374}.Release|x86.Deploy.0 = Release|iPhone
		{AAB374FC-539F-41C2-9FC1-45ED35E2CB5A}.Ad-Hoc|Any CPU.ActiveCfg = Release|x86
		{AAB374FC-539F-41C2-9FC1-45ED35E2CB5A}.Ad-Hoc|Any CPU.Build.0 = Release|x86
		{AAB374FC-539F-41C2-9FC1-45ED35E2CB5A}.Ad-Hoc|Any CPU.Deploy.0 = Release|x86
		{AAB374FC-539F-41C2-9FC1-45ED35E2CB5A}.Ad-Hoc|ARM.ActiveCfg = Release|ARM
		{AAB374FC-539F-41C2-9FC1-45ED35E2CB5A}.Ad-Hoc|ARM.Build.0 = Release|ARM
		{AAB374FC-539F-41C2-9FC1-45ED35E2CB5A}.Ad-Hoc|ARM.Deploy.0 = Release|ARM
		{AAB374FC-539F-41C2-9FC1-45ED35E2CB5A}.Ad-Hoc|iPhone.ActiveCfg = Release|x86
		{AAB374FC-539F-41C2-9FC1-45ED35E2CB5A}.Ad-Hoc|iPhone.Build.0 = Release|x86
		{AAB374FC-539F-41C2-9FC1-45ED35E2CB5A}.Ad-Hoc|iPhone.Deploy.0 = Release|x86
		{AAB374FC-539F-41C2-9FC1-45ED35E2CB5A}.Ad-Hoc|iPhoneSimulator.ActiveCfg = Release|x86
		{AAB374FC-539F-41C2-9FC1-45ED35E2CB5A}.Ad-Hoc|iPhoneSimulator.Build.0 = Release|x86
		{AAB374FC-539F-41C2-9FC1-45ED35E2CB5A}.Ad-Hoc|iPhoneSimulator.Deploy.0 = Release|x86
		{AAB374FC-539F-41C2-9FC1-45ED35E2CB5A}.Ad-Hoc|x64.ActiveCfg = Release|x64
		{AAB374FC-539F-41C2-9FC1-45ED35E2CB5A}.Ad-Hoc|x64.Build.0 = Release|x64
		{AAB374FC-539F-41C2-9FC1-45ED35E2CB5A}.Ad-Hoc|x64.Deploy.0 = Release|x64
		{AAB374FC-539F-41C2-9FC1-45ED35E2CB5A}.Ad-Hoc|x86.ActiveCfg = Release|x86
		{AAB374FC-539F-41C2-9FC1-45ED35E2CB5A}.Ad-Hoc|x86.Build.0 = Release|x86
		{AAB374FC-539F-41C2-9FC1-45ED35E2CB5A}.Ad-Hoc|x86.Deploy.0 = Release|x86
		{AAB374FC-539F-41C2-9FC1-45ED35E2CB5A}.AppStore|Any CPU.ActiveCfg = Release|x86
		{AAB374FC-539F-41C2-9FC1-45ED35E2CB5A}.AppStore|Any CPU.Build.0 = Release|x86
		{AAB374FC-539F-41C2-9FC1-45ED35E2CB5A}.AppStore|Any CPU.Deploy.0 = Release|x86
		{AAB374FC-539F-41C2-9FC1-45ED35E2CB5A}.AppStore|ARM.ActiveCfg = Release|ARM
		{AAB374FC-539F-41C2-9FC1-45ED35E2CB5A}.AppStore|ARM.Build.0 = Release|ARM
		{AAB374FC-539F-41C2-9FC1-45ED35E2CB5A}.AppStore|ARM.Deploy.0 = Release|ARM
		{AAB374FC-539F-41C2-9FC1-45ED35E2CB5A}.AppStore|iPhone.ActiveCfg = Release|x86
		{AAB374FC-539F-41C2-9FC1-45ED35E2CB5A}.AppStore|iPhone.Build.0 = Release|x86
		{AAB374FC-539F-41C2-9FC1-45ED35E2CB5A}.AppStore|iPhone.Deploy.0 = Release|x86
		{AAB374FC-539F-41C2-9FC1-45ED35E2CB5A}.AppStore|iPhoneSimulator.ActiveCfg = Release|x86
		{AAB374FC-539F-41C2-9FC1-45ED35E2CB5A}.AppStore|iPhoneSimulator.Build.0 = Release|x86
		{AAB374FC-539F-41C2-9FC1-45ED35E2CB5A}.AppStore|iPhoneSimulator.Deploy.0 = Release|x86
		{AAB374FC-539F-41C2-9FC1-45ED35E2CB5A}.AppStore|x64.ActiveCfg = Release|x64
		{AAB374FC-539F-41C2-9FC1-45ED35E2CB5A}.AppStore|x64.Build.0 = Release|x64
		{AAB374FC-539F-41C2-9FC1-45ED35E2CB5A}.AppStore|x64.Deploy.0 = Release|x64
		{AAB374FC-539F-41C2-9FC1-45ED35E2CB5A}.AppStore|x86.ActiveCfg = Release|x86
		{AAB374FC-539F-41C2-9FC1-45ED35E2CB5A}.AppStore|x86.Build.0 = Release|x86
		{AAB374FC-539F-41C2-9FC1-45ED35E2CB5A}.AppStore|x86.Deploy.0 = Release|x86
		{AAB374FC-539F-41C2-9FC1-45ED35E2CB5A}.Debug|Any CPU.ActiveCfg = Debug|x86
		{AAB374FC-539F-41C2-9FC1-45ED35E2CB5A}.Debug|Any CPU.Build.0 = Debug|x86
		{AAB374FC-539F-41C2-9FC1-45ED35E2CB5A}.Debug|Any CPU.Deploy.0 = Debug|x86
		{AAB374FC-539F-41C2-9FC1-45ED35E2CB5A}.Debug|ARM.ActiveCfg = Debug|ARM
		{AAB374FC-539F-41C2-9FC1-45ED35E2CB5A}.Debug|ARM.Build.0 = Debug|ARM
		{AAB374FC-539F-41C2-9FC1-45ED35E2CB5A}.Debug|ARM.Deploy.0 = Debug|ARM
		{AAB374FC-539F-41C2-9FC1-45ED35E2CB5A}.Debug|iPhone.ActiveCfg = Debug|x86
		{AAB374FC-539F-41C2-9FC1-45ED35E2CB5A}.Debug|iPhone.Build.0 = Debug|x86
		{AAB374FC-539F-41C2-9FC1-45ED35E2CB5A}.Debug|iPhone.Deploy.0 = Debug|x86
		{AAB374FC-539F-41C2-9FC1-45ED35E2CB5A}.Debug|iPhoneSimulator.ActiveCfg = Debug|x86
		{AAB374FC-539F-41C2-9FC1-45ED35E2CB5A}.Debug|iPhoneSimulator.Build.0 = Debug|x86
		{AAB374FC-539F-41C2-9FC1-45ED35E2CB5A}.Debug|iPhoneSimulator.Deploy.0 = Debug|x86
		{AAB374FC-539F-41C2-9FC1-45ED35E2CB5A}.Debug|x64.ActiveCfg = Debug|x64
		{AAB374FC-539F-41C2-9FC1-45ED35E2CB5A}.Debug|x64.Build.0 = Debug|x64
		{AAB374FC-539F-41C2-9FC1-45ED35E2CB5A}.Debug|x64.Deploy.0 = Debug|x64
		{AAB374FC-539F-41C2-9FC1-45ED35E2CB5A}.Debug|x86.ActiveCfg = Debug|x86
		{AAB374FC-539F-41C2-9FC1-45ED35E2CB5A}.Debug|x86.Build.0 = Debug|x86
		{AAB374FC-539F-41C2-9FC1-45ED35E2CB5A}.Debug|x86.Deploy.0 = Debug|x86
		{AAB374FC-539F-41C2-9FC1-45ED35E2CB5A}.Release|Any CPU.ActiveCfg = Release|x86
		{AAB374FC-539F-41C2-9FC1-45ED35E2CB5A}.Release|Any CPU.Build.0 = Release|x86
		{AAB374FC-539F-41C2-9FC1-45ED35E2CB5A}.Release|Any CPU.Deploy.0 = Release|x86
		{AAB374FC-539F-41C2-9FC1-45ED35E2CB5A}.Release|ARM.ActiveCfg = Release|ARM
		{AAB374FC-539F-41C2-9FC1-45ED35E2CB5A}.Release|ARM.Build.0 = Release|ARM
		{AAB374FC-539F-41C2-9FC1-45ED35E2CB5A}.Release|ARM.Deploy.0 = Release|ARM
		{AAB374FC-539F-41C2-9FC1-45ED35E2CB5A}.Release|iPhone.ActiveCfg = Release|x86
		{AAB374FC-539F-41C2-9FC1-45ED35E2CB5A}.Release|iPhone.Build.0 = Release|x86
		{AAB374FC-539F-41C2-9FC1-45ED35E2CB5A}.Release|iPhone.Deploy.0 = Release|x86
		{AAB374FC-539F-41C2-9FC1-45ED35E2CB5A}.Release|iPhoneSimulator.ActiveCfg = Release|x86
		{AAB374FC-539F-41C2-9FC1-45ED35E2CB5A}.Release|iPhoneSimulator.Build.0 = Release|x86
		{AAB374FC-539F-41C2-9FC1-45ED35E2CB5A}.Release|iPhoneSimulator.Deploy.0 = Release|x86
		{AAB374FC-539F-41C2-9FC1-45ED35E2CB5A}.Release|x64.ActiveCfg = Release|x64
		{AAB374FC-539F-41C2-9FC1-45ED35E2CB5A}.Release|x64.Build.0 = Release|x64
		{AAB374FC-539F-41C2-9FC1-45ED35E2CB5A}.Release|x64.Deploy.0 = Release|x64
		{AAB374FC-539F-41C2-9FC1-45ED35E2CB5A}.Release|x86.ActiveCfg = Release|x86
		{AAB374FC-539F-41C2-9FC1-45ED35E2CB5A}.Release|x86.Build.0 = Release|x86
		{AAB374FC-539F-41C2-9FC1-45ED35E2CB5A}.Release|x86.Deploy.0 = Release|x86
		{2E378EA2-465A-457C-B010-2EFCDD0D3454}.Ad-Hoc|Any CPU.ActiveCfg = Debug|Any CPU
		{2E378EA2-465A-457C-B010-2EFCDD0D3454}.Ad-Hoc|Any CPU.Build.0 = Debug|Any CPU
		{2E378EA2-465A-457C-B010-2EFCDD0D3454}.Ad-Hoc|Any CPU.Deploy.0 = Debug|Any CPU
		{2E378EA2-465A-457C-B010-2EFCDD0D3454}.Ad-Hoc|ARM.ActiveCfg = Debug|Any CPU
		{2E378EA2-465A-457C-B010-2EFCDD0D3454}.Ad-Hoc|ARM.Build.0 = Debug|Any CPU
		{2E378EA2-465A-457C-B010-2EFCDD0D3454}.Ad-Hoc|ARM.Deploy.0 = Debug|Any CPU
		{2E378EA2-465A-457C-B010-2EFCDD0D3454}.Ad-Hoc|iPhone.ActiveCfg = Debug|Any CPU
		{2E378EA2-465A-457C-B010-2EFCDD0D3454}.Ad-Hoc|iPhone.Build.0 = Debug|Any CPU
		{2E378EA2-465A-457C-B010-2EFCDD0D3454}.Ad-Hoc|iPhone.Deploy.0 = Debug|Any CPU
		{2E378EA2-465A-457C-B010-2EFCDD0D3454}.Ad-Hoc|iPhoneSimulator.ActiveCfg = Debug|Any CPU
		{2E378EA2-465A-457C-B010-2EFCDD0D3454}.Ad-Hoc|iPhoneSimulator.Build.0 = Debug|Any CPU
		{2E378EA2-465A-457C-B010-2EFCDD0D3454}.Ad-Hoc|iPhoneSimulator.Deploy.0 = Debug|Any CPU
		{2E378EA2-465A-457C-B010-2EFCDD0D3454}.Ad-Hoc|x64.ActiveCfg = Debug|Any CPU
		{2E378EA2-465A-457C-B010-2EFCDD0D3454}.Ad-Hoc|x64.Build.0 = Debug|Any CPU
		{2E378EA2-465A-457C-B010-2EFCDD0D3454}.Ad-Hoc|x64.Deploy.0 = Debug|Any CPU
		{2E378EA2-465A-457C-B010-2EFCDD0D3454}.Ad-Hoc|x86.ActiveCfg = Debug|Any CPU
		{2E378EA2-465A-457C-B010-2EFCDD0D3454}.Ad-Hoc|x86.Build.0 = Debug|Any CPU
		{2E378EA2-465A-457C-B010-2EFCDD0D3454}.Ad-Hoc|x86.Deploy.0 = Debug|Any CPU
		{2E378EA2-465A-457C-B010-2EFCDD0D3454}.AppStore|Any CPU.ActiveCfg = Debug|Any CPU
		{2E378EA2-465A-457C-B010-2EFCDD0D3454}.AppStore|Any CPU.Build.0 = Debug|Any CPU
		{2E378EA2-465A-457C-B010-2EFCDD0D3454}.AppStore|Any CPU.Deploy.0 = Debug|Any CPU
		{2E378EA2-465A-457C-B010-2EFCDD0D3454}.AppStore|ARM.ActiveCfg = Debug|Any CPU
		{2E378EA2-465A-457C-B010-2EFCDD0D3454}.AppStore|ARM.Build.0 = Debug|Any CPU
		{2E378EA2-465A-457C-B010-2EFCDD0D3454}.AppStore|ARM.Deploy.0 = Debug|Any CPU
		{2E378EA2-465A-457C-B010-2EFCDD0D3454}.AppStore|iPhone.ActiveCfg = Debug|Any CPU
		{2E378EA2-465A-457C-B010-2EFCDD0D3454}.AppStore|iPhone.Build.0 = Debug|Any CPU
		{2E378EA2-465A-457C-B010-2EFCDD0D3454}.AppStore|iPhone.Deploy.0 = Debug|Any CPU
		{2E378EA2-465A-457C-B010-2EFCDD0D3454}.AppStore|iPhoneSimulator.ActiveCfg = Debug|Any CPU
		{2E378EA2-465A-457C-B010-2EFCDD0D3454}.AppStore|iPhoneSimulator.Build.0 = Debug|Any CPU
		{2E378EA2-465A-457C-B010-2EFCDD0D3454}.AppStore|iPhoneSimulator.Deploy.0 = Debug|Any CPU
		{2E378EA2-465A-457C-B010-2EFCDD0D3454}.AppStore|x64.ActiveCfg = Debug|Any CPU
		{2E378EA2-465A-457C-B010-2EFCDD0D3454}.AppStore|x64.Build.0 = Debug|Any CPU
		{2E378EA2-465A-457C-B010-2EFCDD0D3454}.AppStore|x64.Deploy.0 = Debug|Any CPU
		{2E378EA2-465A-457C-B010-2EFCDD0D3454}.AppStore|x86.ActiveCfg = Debug|Any CPU
		{2E378EA2-465A-457C-B010-2EFCDD0D3454}.AppStore|x86.Build.0 = Debug|Any CPU
		{2E378EA2-465A-457C-B010-2EFCDD0D3454}.AppStore|x86.Deploy.0 = Debug|Any CPU
		{2E378EA2-465A-457C-B010-2EFCDD0D3454}.Debug|Any CPU.ActiveCfg = Debug|Any CPU
		{2E378EA2-465A-457C-B010-2EFCDD0D3454}.Debug|Any CPU.Build.0 = Debug|Any CPU
		{2E378EA2-465A-457C-B010-2EFCDD0D3454}.Debug|Any CPU.Deploy.0 = Debug|Any CPU
		{2E378EA2-465A-457C-B010-2EFCDD0D3454}.Debug|ARM.ActiveCfg = Debug|Any CPU
		{2E378EA2-465A-457C-B010-2EFCDD0D3454}.Debug|ARM.Build.0 = Debug|Any CPU
		{2E378EA2-465A-457C-B010-2EFCDD0D3454}.Debug|ARM.Deploy.0 = Debug|Any CPU
		{2E378EA2-465A-457C-B010-2EFCDD0D3454}.Debug|iPhone.ActiveCfg = Debug|Any CPU
		{2E378EA2-465A-457C-B010-2EFCDD0D3454}.Debug|iPhone.Build.0 = Debug|Any CPU
		{2E378EA2-465A-457C-B010-2EFCDD0D3454}.Debug|iPhone.Deploy.0 = Debug|Any CPU
		{2E378EA2-465A-457C-B010-2EFCDD0D3454}.Debug|iPhoneSimulator.ActiveCfg = Debug|Any CPU
		{2E378EA2-465A-457C-B010-2EFCDD0D3454}.Debug|iPhoneSimulator.Build.0 = Debug|Any CPU
		{2E378EA2-465A-457C-B010-2EFCDD0D3454}.Debug|iPhoneSimulator.Deploy.0 = Debug|Any CPU
		{2E378EA2-465A-457C-B010-2EFCDD0D3454}.Debug|x64.ActiveCfg = Debug|Any CPU
		{2E378EA2-465A-457C-B010-2EFCDD0D3454}.Debug|x64.Build.0 = Debug|Any CPU
		{2E378EA2-465A-457C-B010-2EFCDD0D3454}.Debug|x64.Deploy.0 = Debug|Any CPU
		{2E378EA2-465A-457C-B010-2EFCDD0D3454}.Debug|x86.ActiveCfg = Debug|Any CPU
		{2E378EA2-465A-457C-B010-2EFCDD0D3454}.Debug|x86.Build.0 = Debug|Any CPU
		{2E378EA2-465A-457C-B010-2EFCDD0D3454}.Debug|x86.Deploy.0 = Debug|Any CPU
		{2E378EA2-465A-457C-B010-2EFCDD0D3454}.Release|Any CPU.ActiveCfg = Release|Any CPU
		{2E378EA2-465A-457C-B010-2EFCDD0D3454}.Release|Any CPU.Build.0 = Release|Any CPU
		{2E378EA2-465A-457C-B010-2EFCDD0D3454}.Release|Any CPU.Deploy.0 = Release|Any CPU
		{2E378EA2-465A-457C-B010-2EFCDD0D3454}.Release|ARM.ActiveCfg = Release|Any CPU
		{2E378EA2-465A-457C-B010-2EFCDD0D3454}.Release|ARM.Build.0 = Release|Any CPU
		{2E378EA2-465A-457C-B010-2EFCDD0D3454}.Release|ARM.Deploy.0 = Release|Any CPU
		{2E378EA2-465A-457C-B010-2EFCDD0D3454}.Release|iPhone.ActiveCfg = Release|Any CPU
		{2E378EA2-465A-457C-B010-2EFCDD0D3454}.Release|iPhone.Build.0 = Release|Any CPU
		{2E378EA2-465A-457C-B010-2EFCDD0D3454}.Release|iPhone.Deploy.0 = Release|Any CPU
		{2E378EA2-465A-457C-B010-2EFCDD0D3454}.Release|iPhoneSimulator.ActiveCfg = Release|Any CPU
		{2E378EA2-465A-457C-B010-2EFCDD0D3454}.Release|iPhoneSimulator.Build.0 = Release|Any CPU
		{2E378EA2-465A-457C-B010-2EFCDD0D3454}.Release|iPhoneSimulator.Deploy.0 = Release|Any CPU
		{2E378EA2-465A-457C-B010-2EFCDD0D3454}.Release|x64.ActiveCfg = Release|Any CPU
		{2E378EA2-465A-457C-B010-2EFCDD0D3454}.Release|x64.Build.0 = Release|Any CPU
		{2E378EA2-465A-457C-B010-2EFCDD0D3454}.Release|x64.Deploy.0 = Release|Any CPU
		{2E378EA2-465A-457C-B010-2EFCDD0D3454}.Release|x86.ActiveCfg = Release|Any CPU
		{2E378EA2-465A-457C-B010-2EFCDD0D3454}.Release|x86.Build.0 = Release|Any CPU
		{2E378EA2-465A-457C-B010-2EFCDD0D3454}.Release|x86.Deploy.0 = Release|Any CPU
	EndGlobalSection
	GlobalSection(SolutionProperties) = preSolution
		HideSolutionNode = FALSE
	EndGlobalSection
	GlobalSection(ExtensibilityGlobals) = postSolution
		SolutionGuid = {11A30D9E-3989-4FF9-9FE9-F70CA3A13B03}
	EndGlobalSection
EndGlobal
